
Microsoft Visual Studio Solution File, Format Version 12.00
# Visual Studio 15
VisualStudioVersion = 15.0.26228.9
MinimumVisualStudioVersion = 10.0.40219.1
Project("{F184B08F-C81C-45F6-A57F-5ABD9991F28F}") = "BRBPortal", "BRBPortal\BRBPortal.vbproj", "{CD8E53D2-B177-494B-AE08-1CEEF98E43D7}"
EndProject
Project("{F184B08F-C81C-45F6-A57F-5ABD9991F28F}") = "QBase", "QBase\QBase.vbproj", "{376770AC-944A-4856-A339-E3848A858DF1}"
EndProject
Project("{FAE04EC0-301F-11D3-BF4B-00C04F79EFBC}") = "BRBPortal_CSharp", "BRBPortal_CSharp\BRBPortal_CSharp.csproj", "{4E20B4A8-220C-43D5-BEE8-929340976609}"
EndProject
Project("{2150E333-8FDC-42A3-9474-1A3956D46DE8}") = "Test", "Test", "{1D935C03-8513-4BFE-B458-ED7E2909C4B6}"
EndProject
Project("{FAE04EC0-301F-11D3-BF4B-00C04F79EFBC}") = "CSharp_Test", "CSharp_Test\CSharp_Test.csproj", "{119B4F43-4BDD-4D61-AEA1-40B2C081BC84}"
EndProject
Project("{F184B08F-C81C-45F6-A57F-5ABD9991F28F}") = "VB_Test", "VB_Test\VB_Test.vbproj", "{4D29429C-9446-4B45-9CA8-9D1457706A12}"
EndProject
Project("{2150E333-8FDC-42A3-9474-1A3956D46DE8}") = "Live_Data", "Live_Data", "{E6B8D0C8-6E18-4866-8201-7A99AF0412CA}"
	ProjectSection(SolutionItems) = preProject
		AuthenticateUser_Request.xml = AuthenticateUser_Request.xml
		AuthenticateUser_Response.xml = AuthenticateUser_Response.xml
		GetProfile_Response.txt = GetProfile_Response.txt
		UpdateProfileString.txt = UpdateProfileString.txt
	EndProjectSection
EndProject
Global
	GlobalSection(SolutionConfigurationPlatforms) = preSolution
		Debug|Any CPU = Debug|Any CPU
		Release|Any CPU = Release|Any CPU
	EndGlobalSection
	GlobalSection(ProjectConfigurationPlatforms) = postSolution
		{CD8E53D2-B177-494B-AE08-1CEEF98E43D7}.Debug|Any CPU.ActiveCfg = Debug|Any CPU
		{CD8E53D2-B177-494B-AE08-1CEEF98E43D7}.Debug|Any CPU.Build.0 = Debug|Any CPU
		{CD8E53D2-B177-494B-AE08-1CEEF98E43D7}.Release|Any CPU.ActiveCfg = Release|Any CPU
		{CD8E53D2-B177-494B-AE08-1CEEF98E43D7}.Release|Any CPU.Build.0 = Release|Any CPU
		{376770AC-944A-4856-A339-E3848A858DF1}.Debug|Any CPU.ActiveCfg = Debug|Any CPU
		{376770AC-944A-4856-A339-E3848A858DF1}.Debug|Any CPU.Build.0 = Debug|Any CPU
		{376770AC-944A-4856-A339-E3848A858DF1}.Release|Any CPU.ActiveCfg = Release|Any CPU
		{376770AC-944A-4856-A339-E3848A858DF1}.Release|Any CPU.Build.0 = Release|Any CPU
		{4E20B4A8-220C-43D5-BEE8-929340976609}.Debug|Any CPU.ActiveCfg = Debug|Any CPU
		{4E20B4A8-220C-43D5-BEE8-929340976609}.Debug|Any CPU.Build.0 = Debug|Any CPU
		{4E20B4A8-220C-43D5-BEE8-929340976609}.Release|Any CPU.ActiveCfg = Release|Any CPU
		{4E20B4A8-220C-43D5-BEE8-929340976609}.Release|Any CPU.Build.0 = Release|Any CPU
		{119B4F43-4BDD-4D61-AEA1-40B2C081BC84}.Debug|Any CPU.ActiveCfg = Debug|Any CPU
		{119B4F43-4BDD-4D61-AEA1-40B2C081BC84}.Debug|Any CPU.Build.0 = Debug|Any CPU
		{119B4F43-4BDD-4D61-AEA1-40B2C081BC84}.Release|Any CPU.ActiveCfg = Release|Any CPU
		{119B4F43-4BDD-4D61-AEA1-40B2C081BC84}.Release|Any CPU.Build.0 = Release|Any CPU
		{4D29429C-9446-4B45-9CA8-9D1457706A12}.Debug|Any CPU.ActiveCfg = Debug|Any CPU
		{4D29429C-9446-4B45-9CA8-9D1457706A12}.Debug|Any CPU.Build.0 = Debug|Any CPU
		{4D29429C-9446-4B45-9CA8-9D1457706A12}.Release|Any CPU.ActiveCfg = Release|Any CPU
		{4D29429C-9446-4B45-9CA8-9D1457706A12}.Release|Any CPU.Build.0 = Release|Any CPU
	EndGlobalSection
	GlobalSection(SolutionProperties) = preSolution
		HideSolutionNode = FALSE
	EndGlobalSection
	GlobalSection(NestedProjects) = preSolution
		{119B4F43-4BDD-4D61-AEA1-40B2C081BC84} = {1D935C03-8513-4BFE-B458-ED7E2909C4B6}
		{4D29429C-9446-4B45-9CA8-9D1457706A12} = {1D935C03-8513-4BFE-B458-ED7E2909C4B6}
		{E6B8D0C8-6E18-4866-8201-7A99AF0412CA} = {1D935C03-8513-4BFE-B458-ED7E2909C4B6}
	EndGlobalSection
EndGlobal
